
Microsoft Visual Studio Solution File, Format Version 12.00
# Visual Studio Version 17
VisualStudioVersion = 17.14.36301.6
MinimumVisualStudioVersion = 10.0.40219.1
Project("{FAE04EC0-301F-11D3-BF4B-00C04F79EFBC}") = "TimeTicker", "TimeTicker\TimeTicker.csproj", "{431D1899-C7A6-4184-9E32-B1207BC2617D}"
EndProject
Project("{FAE04EC0-301F-11D3-BF4B-00C04F79EFBC}") = "NotifyIconWpf", "NotifyIconWpf\NotifyIconWpf.csproj", "{7AC63864-7638-41C4-969C-D3197EF2BED9}"
EndProject
Project("{FAE04EC0-301F-11D3-BF4B-00C04F79EFBC}") = "TimeTrackerService", "TimeTrackerService\TimeTrackerService.csproj", "{1207AFF1-3571-47DE-8E78-51CED756B43E}"
EndProject
Project("{FAE04EC0-301F-11D3-BF4B-00C04F79EFBC}") = "TimeTickerUtil", "TimeTickerUtil\TimeTickerUtil.csproj", "{1D9BBBBF-25C1-425B-B5ED-BD83A1A7A0E8}"
EndProject
Project("{B7DD6F7E-DEF8-4E67-B5B7-07EF123DB6F0}") = "WixInstaller", "WixInstaller\WixInstaller.wixproj", "{8B7D4EF5-A57B-4F58-B330-3547309A65D3}"
EndProject
Global
	GlobalSection(SolutionConfigurationPlatforms) = preSolution
		Debug|Any CPU = Debug|Any CPU
		Debug|ARM64 = Debug|ARM64
		Debug|x64 = Debug|x64
		Debug|x86 = Debug|x86
		Release|Any CPU = Release|Any CPU
		Release|ARM64 = Release|ARM64
		Release|x64 = Release|x64
		Release|x86 = Release|x86
	EndGlobalSection
	GlobalSection(ProjectConfigurationPlatforms) = postSolution
		{431D1899-C7A6-4184-9E32-B1207BC2617D}.Debug|Any CPU.ActiveCfg = Debug|Any CPU
		{431D1899-C7A6-4184-9E32-B1207BC2617D}.Debug|Any CPU.Build.0 = Debug|Any CPU
		{431D1899-C7A6-4184-9E32-B1207BC2617D}.Debug|ARM64.ActiveCfg = Debug|Any CPU
		{431D1899-C7A6-4184-9E32-B1207BC2617D}.Debug|ARM64.Build.0 = Debug|Any CPU
		{431D1899-C7A6-4184-9E32-B1207BC2617D}.Debug|x64.ActiveCfg = Debug|Any CPU
		{431D1899-C7A6-4184-9E32-B1207BC2617D}.Debug|x64.Build.0 = Debug|Any CPU
		{431D1899-C7A6-4184-9E32-B1207BC2617D}.Debug|x86.ActiveCfg = Debug|Any CPU
		{431D1899-C7A6-4184-9E32-B1207BC2617D}.Debug|x86.Build.0 = Debug|Any CPU
		{431D1899-C7A6-4184-9E32-B1207BC2617D}.Release|Any CPU.ActiveCfg = Release|Any CPU
		{431D1899-C7A6-4184-9E32-B1207BC2617D}.Release|Any CPU.Build.0 = Release|Any CPU
		{431D1899-C7A6-4184-9E32-B1207BC2617D}.Release|ARM64.ActiveCfg = Release|Any CPU
		{431D1899-C7A6-4184-9E32-B1207BC2617D}.Release|ARM64.Build.0 = Release|Any CPU
		{431D1899-C7A6-4184-9E32-B1207BC2617D}.Release|x64.ActiveCfg = Release|Any CPU
		{431D1899-C7A6-4184-9E32-B1207BC2617D}.Release|x64.Build.0 = Release|Any CPU
		{431D1899-C7A6-4184-9E32-B1207BC2617D}.Release|x86.ActiveCfg = Release|Any CPU
		{431D1899-C7A6-4184-9E32-B1207BC2617D}.Release|x86.Build.0 = Release|Any CPU
		{7AC63864-7638-41C4-969C-D3197EF2BED9}.Debug|Any CPU.ActiveCfg = Debug|Any CPU
		{7AC63864-7638-41C4-969C-D3197EF2BED9}.Debug|Any CPU.Build.0 = Debug|Any CPU
		{7AC63864-7638-41C4-969C-D3197EF2BED9}.Debug|ARM64.ActiveCfg = Debug|Any CPU
		{7AC63864-7638-41C4-969C-D3197EF2BED9}.Debug|ARM64.Build.0 = Debug|Any CPU
		{7AC63864-7638-41C4-969C-D3197EF2BED9}.Debug|x64.ActiveCfg = Debug|Any CPU
		{7AC63864-7638-41C4-969C-D3197EF2BED9}.Debug|x64.Build.0 = Debug|Any CPU
		{7AC63864-7638-41C4-969C-D3197EF2BED9}.Debug|x86.ActiveCfg = Debug|Any CPU
		{7AC63864-7638-41C4-969C-D3197EF2BED9}.Debug|x86.Build.0 = Debug|Any CPU
		{7AC63864-7638-41C4-969C-D3197EF2BED9}.Release|Any CPU.ActiveCfg = Release|Any CPU
		{7AC63864-7638-41C4-969C-D3197EF2BED9}.Release|Any CPU.Build.0 = Release|Any CPU
		{7AC63864-7638-41C4-969C-D3197EF2BED9}.Release|ARM64.ActiveCfg = Release|Any CPU
		{7AC63864-7638-41C4-969C-D3197EF2BED9}.Release|ARM64.Build.0 = Release|Any CPU
		{7AC63864-7638-41C4-969C-D3197EF2BED9}.Release|x64.ActiveCfg = Release|Any CPU
		{7AC63864-7638-41C4-969C-D3197EF2BED9}.Release|x64.Build.0 = Release|Any CPU
		{7AC63864-7638-41C4-969C-D3197EF2BED9}.Release|x86.ActiveCfg = Release|Any CPU
		{7AC63864-7638-41C4-969C-D3197EF2BED9}.Release|x86.Build.0 = Release|Any CPU
		{1207AFF1-3571-47DE-8E78-51CED756B43E}.Debug|Any CPU.ActiveCfg = Debug|Any CPU
		{1207AFF1-3571-47DE-8E78-51CED756B43E}.Debug|Any CPU.Build.0 = Debug|Any CPU
		{1207AFF1-3571-47DE-8E78-51CED756B43E}.Debug|ARM64.ActiveCfg = Debug|Any CPU
		{1207AFF1-3571-47DE-8E78-51CED756B43E}.Debug|ARM64.Build.0 = Debug|Any CPU
		{1207AFF1-3571-47DE-8E78-51CED756B43E}.Debug|x64.ActiveCfg = Debug|Any CPU
		{1207AFF1-3571-47DE-8E78-51CED756B43E}.Debug|x64.Build.0 = Debug|Any CPU
		{1207AFF1-3571-47DE-8E78-51CED756B43E}.Debug|x86.ActiveCfg = Debug|Any CPU
		{1207AFF1-3571-47DE-8E78-51CED756B43E}.Debug|x86.Build.0 = Debug|Any CPU
		{1207AFF1-3571-47DE-8E78-51CED756B43E}.Release|Any CPU.ActiveCfg = Release|Any CPU
		{1207AFF1-3571-47DE-8E78-51CED756B43E}.Release|Any CPU.Build.0 = Release|Any CPU
		{1207AFF1-3571-47DE-8E78-51CED756B43E}.Release|ARM64.ActiveCfg = Release|Any CPU
		{1207AFF1-3571-47DE-8E78-51CED756B43E}.Release|ARM64.Build.0 = Release|Any CPU
		{1207AFF1-3571-47DE-8E78-51CED756B43E}.Release|x64.ActiveCfg = Release|Any CPU
		{1207AFF1-3571-47DE-8E78-51CED756B43E}.Release|x64.Build.0 = Release|Any CPU
		{1207AFF1-3571-47DE-8E78-51CED756B43E}.Release|x86.ActiveCfg = Release|Any CPU
		{1207AFF1-3571-47DE-8E78-51CED756B43E}.Release|x86.Build.0 = Release|Any CPU
		{1D9BBBBF-25C1-425B-B5ED-BD83A1A7A0E8}.Debug|Any CPU.ActiveCfg = Debug|Any CPU
		{1D9BBBBF-25C1-425B-B5ED-BD83A1A7A0E8}.Debug|Any CPU.Build.0 = Debug|Any CPU
		{1D9BBBBF-25C1-425B-B5ED-BD83A1A7A0E8}.Debug|ARM64.ActiveCfg = Debug|Any CPU
		{1D9BBBBF-25C1-425B-B5ED-BD83A1A7A0E8}.Debug|ARM64.Build.0 = Debug|Any CPU
		{1D9BBBBF-25C1-425B-B5ED-BD83A1A7A0E8}.Debug|x64.ActiveCfg = Debug|Any CPU
		{1D9BBBBF-25C1-425B-B5ED-BD83A1A7A0E8}.Debug|x64.Build.0 = Debug|Any CPU
		{1D9BBBBF-25C1-425B-B5ED-BD83A1A7A0E8}.Debug|x86.ActiveCfg = Debug|Any CPU
		{1D9BBBBF-25C1-425B-B5ED-BD83A1A7A0E8}.Debug|x86.Build.0 = Debug|Any CPU
		{1D9BBBBF-25C1-425B-B5ED-BD83A1A7A0E8}.Release|Any CPU.ActiveCfg = Release|Any CPU
		{1D9BBBBF-25C1-425B-B5ED-BD83A1A7A0E8}.Release|Any CPU.Build.0 = Release|Any CPU
		{1D9BBBBF-25C1-425B-B5ED-BD83A1A7A0E8}.Release|ARM64.ActiveCfg = Release|Any CPU
		{1D9BBBBF-25C1-425B-B5ED-BD83A1A7A0E8}.Release|ARM64.Build.0 = Release|Any CPU
		{1D9BBBBF-25C1-425B-B5ED-BD83A1A7A0E8}.Release|x64.ActiveCfg = Release|Any CPU
		{1D9BBBBF-25C1-425B-B5ED-BD83A1A7A0E8}.Release|x64.Build.0 = Release|Any CPU
		{1D9BBBBF-25C1-425B-B5ED-BD83A1A7A0E8}.Release|x86.ActiveCfg = Release|Any CPU
		{1D9BBBBF-25C1-425B-B5ED-BD83A1A7A0E8}.Release|x86.Build.0 = Release|Any CPU
		{8B7D4EF5-A57B-4F58-B330-3547309A65D3}.Debug|Any CPU.ActiveCfg = Debug|x64
		{8B7D4EF5-A57B-4F58-B330-3547309A65D3}.Debug|Any CPU.Build.0 = Debug|x64
		{8B7D4EF5-A57B-4F58-B330-3547309A65D3}.Debug|ARM64.ActiveCfg = Debug|ARM64
		{8B7D4EF5-A57B-4F58-B330-3547309A65D3}.Debug|ARM64.Build.0 = Debug|ARM64
		{8B7D4EF5-A57B-4F58-B330-3547309A65D3}.Debug|x64.ActiveCfg = Debug|x64
		{8B7D4EF5-A57B-4F58-B330-3547309A65D3}.Debug|x64.Build.0 = Debug|x64
		{8B7D4EF5-A57B-4F58-B330-3547309A65D3}.Debug|x86.ActiveCfg = Debug|x86
		{8B7D4EF5-A57B-4F58-B330-3547309A65D3}.Debug|x86.Build.0 = Debug|x86
		{8B7D4EF5-A57B-4F58-B330-3547309A65D3}.Release|Any CPU.ActiveCfg = Release|x64
		{8B7D4EF5-A57B-4F58-B330-3547309A65D3}.Release|Any CPU.Build.0 = Release|x64
		{8B7D4EF5-A57B-4F58-B330-3547309A65D3}.Release|ARM64.ActiveCfg = Release|ARM64
		{8B7D4EF5-A57B-4F58-B330-3547309A65D3}.Release|ARM64.Build.0 = Release|ARM64
		{8B7D4EF5-A57B-4F58-B330-3547309A65D3}.Release|x64.ActiveCfg = Release|x64
		{8B7D4EF5-A57B-4F58-B330-3547309A65D3}.Release|x64.Build.0 = Release|x64
		{8B7D4EF5-A57B-4F58-B330-3547309A65D3}.Release|x86.ActiveCfg = Release|x86
		{8B7D4EF5-A57B-4F58-B330-3547309A65D3}.Release|x86.Build.0 = Release|x86
	EndGlobalSection
	GlobalSection(SolutionProperties) = preSolution
		HideSolutionNode = FALSE
	EndGlobalSection
	GlobalSection(ExtensibilityGlobals) = postSolution
		SolutionGuid = {9A7B9B57-5631-4DA2-80C5-B03D9509260D}
	EndGlobalSection
EndGlobal
